
Microsoft Visual Studio Solution File, Format Version 12.00
# Visual Studio Version 17
VisualStudioVersion = 17.8.34511.84
MinimumVisualStudioVersion = 10.0.40219.1
Project("{FAE04EC0-301F-11D3-BF4B-00C04F79EFBC}") = "Randomizer", "Randomizer.csproj", "{66CEB527-027C-4A17-844C-289C8829A77A}"
EndProject
Global
	GlobalSection(SolutionConfigurationPlatforms) = preSolution
		Debug|Any CPU = Debug|Any CPU
		Release|Any CPU = Release|Any CPU
	EndGlobalSection
	GlobalSection(ProjectConfigurationPlatforms) = postSolution
		{66CEB527-027C-4A17-844C-289C8829A77A}.Debug|Any CPU.ActiveCfg = Debug|Any CPU
		{66CEB527-027C-4A17-844C-289C8829A77A}.Debug|Any CPU.Build.0 = Debug|Any CPU
		{66CEB527-027C-4A17-844C-289C8829A77A}.Release|Any CPU.ActiveCfg = Release|Any CPU
		{66CEB527-027C-4A17-844C-289C8829A77A}.Release|Any CPU.Build.0 = Release|Any CPU
	EndGlobalSection
	GlobalSection(SolutionProperties) = preSolution
		HideSolutionNode = FALSE
	EndGlobalSection
	GlobalSection(ExtensibilityGlobals) = postSolution
		SolutionGuid = {55C58068-BA63-452A-A72B-CB3638103C00}
	EndGlobalSection
EndGlobal
